
Microsoft Visual Studio Solution File, Format Version 12.00
# Visual Studio Version 16
VisualStudioVersion = 16.0.29306.81
MinimumVisualStudioVersion = 10.0.40219.1
Project("{FAE04EC0-301F-11D3-BF4B-00C04F79EFBC}") = "cashier", "cashier\cashier.csproj", "{70681E2A-D069-410D-B8B9-5BAAD065427D}"
EndProject
Global
	GlobalSection(SolutionConfigurationPlatforms) = preSolution
		Debug|Any CPU = Debug|Any CPU
		Release|Any CPU = Release|Any CPU
	EndGlobalSection
	GlobalSection(ProjectConfigurationPlatforms) = postSolution
		{70681E2A-D069-410D-B8B9-5BAAD065427D}.Debug|Any CPU.ActiveCfg = Debug|Any CPU
		{70681E2A-D069-410D-B8B9-5BAAD065427D}.Debug|Any CPU.Build.0 = Debug|Any CPU
		{70681E2A-D069-410D-B8B9-5BAAD065427D}.Release|Any CPU.ActiveCfg = Release|Any CPU
		{70681E2A-D069-410D-B8B9-5BAAD065427D}.Release|Any CPU.Build.0 = Release|Any CPU
	EndGlobalSection
	GlobalSection(SolutionProperties) = preSolution
		HideSolutionNode = FALSE
	EndGlobalSection
	GlobalSection(ExtensibilityGlobals) = postSolution
		SolutionGuid = {B03F43FA-56C7-46B9-AC88-8911EE7B8D31}
	EndGlobalSection
EndGlobal
